{
  "version": 4,
  "terraform_version": "1.7.3",
  "serial": 424,
  "lineage": "d8958d1a-df69-0a0f-5675-afa3a9f5cd8f",
  "outputs": {
    "api_gateway_url": {
      "value": "https://40jhq3k8u6.execute-api.us-east-1.amazonaws.com/staging",
      "type": "string"
    }
  },
  "resources": [
    {
      "mode": "managed",
      "type": "aws_api_gateway_deployment",
      "name": "resume_api_deployment",
      "provider": "provider[\"registry.terraform.io/hashicorp/aws\"]",
      "instances": [
        {
          "schema_version": 0,
          "attributes": {
            "created_date": "2024-02-05T17:42:50Z",
            "description": "",
            "execution_arn": "arn:aws:execute-api:us-east-1:427875724091:40jhq3k8u6/",
            "id": "j35kmx",
            "invoke_url": "https://40jhq3k8u6.execute-api.us-east-1.amazonaws.com/",
            "rest_api_id": "40jhq3k8u6",
            "stage_description": null,
            "stage_name": null,
            "triggers": {
              "redeployment": "15440f16841eac37c4c5e2dd3f0531026dc4cbf0"
            },
            "variables": null
          },
          "sensitive_attributes": [],
          "private": "bnVsbA==",
          "dependencies": [
            "aws_api_gateway_integration.resume_aws_api_integration",
            "aws_api_gateway_integration.resume_options_api_integration",
            "aws_api_gateway_integration_response.resume_aws_api_integration_response",
            "aws_api_gateway_integration_response.resume_options_api_integration_response",
            "aws_api_gateway_method.resume_get_method",
            "aws_api_gateway_method.resume_options_method",
            "aws_api_gateway_method_response.resume_get_method_response",
            "aws_api_gateway_method_response.resume_options_method_response",
            "aws_api_gateway_resource.resume_aws_api_resource",
            "aws_api_gateway_rest_api.resume_aws_api",
            "aws_dynamodb_table.resume_table",
            "aws_iam_role.lambda_execution_role",
            "aws_lambda_function.resume_lambda"
          ],
          "create_before_destroy": true
        }
      ]
    },
    {
      "mode": "managed",
      "type": "aws_api_gateway_integration",
      "name": "resume_aws_api_integration",
      "provider": "provider[\"registry.terraform.io/hashicorp/aws\"]",
      "instances": [
        {
          "schema_version": 0,
          "attributes": {
            "cache_key_parameters": [],
            "cache_namespace": "4oajgc",
            "connection_id": "",
            "connection_type": "INTERNET",
            "content_handling": "",
            "credentials": "",
            "http_method": "GET",
            "id": "agi-40jhq3k8u6-4oajgc-GET",
            "integration_http_method": "POST",
            "passthrough_behavior": "WHEN_NO_MATCH",
            "request_parameters": {},
            "request_templates": {},
            "resource_id": "4oajgc",
            "rest_api_id": "40jhq3k8u6",
            "timeout_milliseconds": 29000,
            "tls_config": [],
            "type": "AWS_PROXY",
            "uri": "arn:aws:apigateway:us-east-1:lambda:path/2015-03-31/functions/arn:aws:lambda:us-east-1:427875724091:function:resume-visitor-counter-function/invocations"
          },
          "sensitive_attributes": [],
          "private": "bnVsbA==",
          "dependencies": [
            "aws_api_gateway_method.resume_get_method",
            "aws_api_gateway_resource.resume_aws_api_resource",
            "aws_api_gateway_rest_api.resume_aws_api",
            "aws_dynamodb_table.resume_table",
            "aws_iam_role.lambda_execution_role",
            "aws_lambda_function.resume_lambda"
          ],
          "create_before_destroy": true
        }
      ]
    },
    {
      "mode": "managed",
      "type": "aws_api_gateway_integration",
      "name": "resume_options_api_integration",
      "provider": "provider[\"registry.terraform.io/hashicorp/aws\"]",
      "instances": [
        {
          "schema_version": 0,
          "attributes": {
            "cache_key_parameters": [],
            "cache_namespace": "4oajgc",
            "connection_id": "",
            "connection_type": "INTERNET",
            "content_handling": "",
            "credentials": "",
            "http_method": "OPTIONS",
            "id": "agi-40jhq3k8u6-4oajgc-OPTIONS",
            "integration_http_method": "",
            "passthrough_behavior": "WHEN_NO_MATCH",
            "request_parameters": {},
            "request_templates": {},
            "resource_id": "4oajgc",
            "rest_api_id": "40jhq3k8u6",
            "timeout_milliseconds": 29000,
            "tls_config": [],
            "type": "MOCK",
            "uri": ""
          },
          "sensitive_attributes": [],
          "private": "bnVsbA==",
          "dependencies": [
            "aws_api_gateway_method.resume_options_method",
            "aws_api_gateway_resource.resume_aws_api_resource",
            "aws_api_gateway_rest_api.resume_aws_api"
          ],
          "create_before_destroy": true
        }
      ]
    },
    {
      "mode": "managed",
      "type": "aws_api_gateway_integration_response",
      "name": "resume_aws_api_integration_response",
      "provider": "provider[\"registry.terraform.io/hashicorp/aws\"]",
      "instances": [
        {
          "schema_version": 0,
          "attributes": {
            "content_handling": "",
            "http_method": "GET",
            "id": "agir-40jhq3k8u6-4oajgc-GET-200",
            "resource_id": "4oajgc",
            "response_parameters": {
              "method.response.header.Access-Control-Allow-Headers": "'Content-Type,X-Amz-Date,Authorization,X-Api-Key,X-Amz-Security-Token'",
              "method.response.header.Access-Control-Allow-Methods": "'GET,OPTIONS,POST,PUT'",
              "method.response.header.Access-Control-Allow-Origin": "'*'"
            },
            "response_templates": {},
            "rest_api_id": "40jhq3k8u6",
            "selection_pattern": "",
            "status_code": "200"
          },
          "sensitive_attributes": [],
          "private": "bnVsbA==",
          "dependencies": [
            "aws_api_gateway_integration.resume_aws_api_integration",
            "aws_api_gateway_method.resume_get_method",
            "aws_api_gateway_method_response.resume_get_method_response",
            "aws_api_gateway_resource.resume_aws_api_resource",
            "aws_api_gateway_rest_api.resume_aws_api",
            "aws_dynamodb_table.resume_table",
            "aws_iam_role.lambda_execution_role",
            "aws_lambda_function.resume_lambda"
          ],
          "create_before_destroy": true
        }
      ]
    },
    {
      "mode": "managed",
      "type": "aws_api_gateway_integration_response",
      "name": "resume_options_api_integration_response",
      "provider": "provider[\"registry.terraform.io/hashicorp/aws\"]",
      "instances": [
        {
          "schema_version": 0,
          "attributes": {
            "content_handling": "",
            "http_method": "OPTIONS",
            "id": "agir-40jhq3k8u6-4oajgc-OPTIONS-200",
            "resource_id": "4oajgc",
            "response_parameters": {
              "method.response.header.Access-Control-Allow-Headers": "'Content-Type,X-Amz-Date,Authorization,X-Api-Key,X-Amz-Security-Token'",
              "method.response.header.Access-Control-Allow-Methods": "'GET,OPTIONS,get,PUT'",
              "method.response.header.Access-Control-Allow-Origin": "'*'"
            },
            "response_templates": {},
            "rest_api_id": "40jhq3k8u6",
            "selection_pattern": "",
            "status_code": "200"
          },
          "sensitive_attributes": [],
          "private": "bnVsbA==",
          "dependencies": [
            "aws_api_gateway_method.resume_options_method",
            "aws_api_gateway_method_response.resume_options_method_response",
            "aws_api_gateway_resource.resume_aws_api_resource",
            "aws_api_gateway_rest_api.resume_aws_api"
          ],
          "create_before_destroy": true
        }
      ]
    },
    {
      "mode": "managed",
      "type": "aws_api_gateway_method",
      "name": "resume_get_method",
      "provider": "provider[\"registry.terraform.io/hashicorp/aws\"]",
      "instances": [
        {
          "schema_version": 0,
          "attributes": {
            "api_key_required": false,
            "authorization": "NONE",
            "authorization_scopes": [],
            "authorizer_id": "",
            "http_method": "GET",
            "id": "agm-40jhq3k8u6-4oajgc-GET",
            "operation_name": "",
            "request_models": {},
            "request_parameters": {},
            "request_validator_id": "",
            "resource_id": "4oajgc",
            "rest_api_id": "40jhq3k8u6"
          },
          "sensitive_attributes": [],
          "private": "bnVsbA==",
          "dependencies": [
            "aws_api_gateway_resource.resume_aws_api_resource",
            "aws_api_gateway_rest_api.resume_aws_api"
          ],
          "create_before_destroy": true
        }
      ]
    },
    {
      "mode": "managed",
      "type": "aws_api_gateway_method",
      "name": "resume_options_method",
      "provider": "provider[\"registry.terraform.io/hashicorp/aws\"]",
      "instances": [
        {
          "schema_version": 0,
          "attributes": {
            "api_key_required": false,
            "authorization": "NONE",
            "authorization_scopes": [],
            "authorizer_id": "",
            "http_method": "OPTIONS",
            "id": "agm-40jhq3k8u6-4oajgc-OPTIONS",
            "operation_name": "",
            "request_models": {},
            "request_parameters": {},
            "request_validator_id": "",
            "resource_id": "4oajgc",
            "rest_api_id": "40jhq3k8u6"
          },
          "sensitive_attributes": [],
          "private": "bnVsbA==",
          "dependencies": [
            "aws_api_gateway_resource.resume_aws_api_resource",
            "aws_api_gateway_rest_api.resume_aws_api"
          ],
          "create_before_destroy": true
        }
      ]
    },
    {
      "mode": "managed",
      "type": "aws_api_gateway_method_response",
      "name": "resume_get_method_response",
      "provider": "provider[\"registry.terraform.io/hashicorp/aws\"]",
      "instances": [
        {
          "schema_version": 0,
          "attributes": {
            "http_method": "GET",
            "id": "agmr-40jhq3k8u6-4oajgc-GET-200",
            "resource_id": "4oajgc",
            "response_models": {},
            "response_parameters": {
              "method.response.header.Access-Control-Allow-Headers": true,
              "method.response.header.Access-Control-Allow-Methods": true,
              "method.response.header.Access-Control-Allow-Origin": true
            },
            "rest_api_id": "40jhq3k8u6",
            "status_code": "200"
          },
          "sensitive_attributes": [],
          "private": "bnVsbA==",
          "dependencies": [
            "aws_api_gateway_method.resume_get_method",
            "aws_api_gateway_resource.resume_aws_api_resource",
            "aws_api_gateway_rest_api.resume_aws_api"
          ],
          "create_before_destroy": true
        }
      ]
    },
    {
      "mode": "managed",
      "type": "aws_api_gateway_method_response",
      "name": "resume_options_method_response",
      "provider": "provider[\"registry.terraform.io/hashicorp/aws\"]",
      "instances": [
        {
          "schema_version": 0,
          "attributes": {
            "http_method": "OPTIONS",
            "id": "agmr-40jhq3k8u6-4oajgc-OPTIONS-200",
            "resource_id": "4oajgc",
            "response_models": {},
            "response_parameters": {
              "method.response.header.Access-Control-Allow-Headers": true,
              "method.response.header.Access-Control-Allow-Methods": true,
              "method.response.header.Access-Control-Allow-Origin": true
            },
            "rest_api_id": "40jhq3k8u6",
            "status_code": "200"
          },
          "sensitive_attributes": [],
          "private": "bnVsbA==",
          "dependencies": [
            "aws_api_gateway_method.resume_options_method",
            "aws_api_gateway_resource.resume_aws_api_resource",
            "aws_api_gateway_rest_api.resume_aws_api"
          ],
          "create_before_destroy": true
        }
      ]
    },
    {
      "mode": "managed",
      "type": "aws_api_gateway_resource",
      "name": "resume_aws_api_resource",
      "provider": "provider[\"registry.terraform.io/hashicorp/aws\"]",
      "instances": [
        {
          "schema_version": 0,
          "attributes": {
            "id": "4oajgc",
            "parent_id": "qk6ti8bne1",
            "path": "/resumeaws",
            "path_part": "resumeaws",
            "rest_api_id": "40jhq3k8u6"
          },
          "sensitive_attributes": [],
          "private": "bnVsbA==",
          "dependencies": [
            "aws_api_gateway_rest_api.resume_aws_api"
          ],
          "create_before_destroy": true
        }
      ]
    },
    {
      "mode": "managed",
      "type": "aws_api_gateway_rest_api",
      "name": "resume_aws_api",
      "provider": "provider[\"registry.terraform.io/hashicorp/aws\"]",
      "instances": [
        {
          "schema_version": 0,
          "attributes": {
            "api_key_source": "HEADER",
            "arn": "arn:aws:apigateway:us-east-1::/restapis/40jhq3k8u6",
            "binary_media_types": [],
            "body": null,
            "created_date": "2024-02-05T17:38:06Z",
            "description": "",
            "disable_execute_api_endpoint": false,
            "endpoint_configuration": [
              {
                "types": [
                  "EDGE"
                ],
                "vpc_endpoint_ids": []
              }
            ],
            "execution_arn": "arn:aws:execute-api:us-east-1:427875724091:40jhq3k8u6",
            "fail_on_warnings": null,
            "id": "40jhq3k8u6",
            "minimum_compression_size": "",
            "name": "resume_aws_api",
            "parameters": null,
            "policy": "{\"Version\":\"2012-10-17\",\"Statement\":[{\"Effect\":\"Allow\",\"Principal\":\"*\",\"Action\":\"execute-api:Invoke\",\"Resource\":\"*\"}]}",
            "put_rest_api_mode": null,
            "root_resource_id": "qk6ti8bne1",
            "tags": {},
            "tags_all": {}
          },
          "sensitive_attributes": [],
          "private": "bnVsbA==",
          "create_before_destroy": true
        }
      ]
    },
    {
      "mode": "managed",
      "type": "aws_api_gateway_rest_api_policy",
      "name": "resume_aws_api_policy",
      "provider": "provider[\"registry.terraform.io/hashicorp/aws\"]",
      "instances": [
        {
          "schema_version": 0,
          "attributes": {
            "id": "40jhq3k8u6",
            "policy": "{\"Statement\":[{\"Action\":\"execute-api:Invoke\",\"Effect\":\"Allow\",\"Principal\":\"*\",\"Resource\":\"*\"}],\"Version\":\"2012-10-17\"}",
            "rest_api_id": "40jhq3k8u6"
          },
          "sensitive_attributes": [],
          "private": "bnVsbA==",
          "dependencies": [
            "aws_api_gateway_rest_api.resume_aws_api"
          ]
        }
      ]
    },
    {
      "mode": "managed",
      "type": "aws_api_gateway_stage",
      "name": "resume_staging",
      "provider": "provider[\"registry.terraform.io/hashicorp/aws\"]",
      "instances": [
        {
          "schema_version": 0,
          "attributes": {
            "access_log_settings": [],
            "arn": "arn:aws:apigateway:us-east-1::/restapis/40jhq3k8u6/stages/staging",
            "cache_cluster_enabled": false,
            "cache_cluster_size": "",
            "canary_settings": [],
            "client_certificate_id": "",
            "deployment_id": "j35kmx",
            "description": "",
            "documentation_version": "",
            "execution_arn": "arn:aws:execute-api:us-east-1:427875724091:40jhq3k8u6/staging",
            "id": "ags-40jhq3k8u6-staging",
            "invoke_url": "https://40jhq3k8u6.execute-api.us-east-1.amazonaws.com/staging",
            "rest_api_id": "40jhq3k8u6",
            "stage_name": "staging",
            "tags": {},
            "tags_all": {},
            "variables": {},
            "web_acl_arn": "",
            "xray_tracing_enabled": false
          },
          "sensitive_attributes": [],
          "private": "bnVsbA==",
          "dependencies": [
            "aws_api_gateway_deployment.resume_api_deployment",
            "aws_api_gateway_integration.resume_aws_api_integration",
            "aws_api_gateway_integration.resume_options_api_integration",
            "aws_api_gateway_integration_response.resume_aws_api_integration_response",
            "aws_api_gateway_integration_response.resume_options_api_integration_response",
            "aws_api_gateway_method.resume_get_method",
            "aws_api_gateway_method.resume_options_method",
            "aws_api_gateway_method_response.resume_get_method_response",
            "aws_api_gateway_method_response.resume_options_method_response",
            "aws_api_gateway_resource.resume_aws_api_resource",
            "aws_api_gateway_rest_api.resume_aws_api",
            "aws_dynamodb_table.resume_table",
            "aws_iam_role.lambda_execution_role",
            "aws_lambda_function.resume_lambda"
          ]
        }
      ]
    },
    {
      "mode": "managed",
      "type": "aws_dynamodb_table",
      "name": "resume_table",
      "provider": "provider[\"registry.terraform.io/hashicorp/aws\"]",
      "instances": [
        {
          "schema_version": 1,
          "attributes": {
            "arn": "arn:aws:dynamodb:us-east-1:427875724091:table/resume_visitor",
            "attribute": [
              {
                "name": "ip",
                "type": "S"
              }
            ],
            "billing_mode": "PAY_PER_REQUEST",
            "deletion_protection_enabled": false,
            "global_secondary_index": [],
            "hash_key": "ip",
            "id": "resume_visitor",
            "import_table": [],
            "local_secondary_index": [],
            "name": "resume_visitor",
            "point_in_time_recovery": [
              {
                "enabled": false
              }
            ],
            "range_key": null,
            "read_capacity": 0,
            "replica": [],
            "restore_date_time": null,
            "restore_source_name": null,
            "restore_to_latest_time": null,
            "server_side_encryption": [],
            "stream_arn": "",
            "stream_enabled": false,
            "stream_label": "",
            "stream_view_type": "",
            "table_class": "STANDARD",
            "tags": {},
            "tags_all": {},
            "timeouts": null,
            "ttl": [
              {
                "attribute_name": "",
                "enabled": false
              }
            ],
            "write_capacity": 0
          },
          "sensitive_attributes": [],
          "private": "eyJlMmJmYjczMC1lY2FhLTExZTYtOGY4OC0zNDM2M2JjN2M0YzAiOnsiY3JlYXRlIjoxODAwMDAwMDAwMDAwLCJkZWxldGUiOjYwMDAwMDAwMDAwMCwidXBkYXRlIjozNjAwMDAwMDAwMDAwfSwic2NoZW1hX3ZlcnNpb24iOiIxIn0=",
          "create_before_destroy": true
        }
      ]
    },
    {
      "mode": "managed",
      "type": "aws_iam_policy",
      "name": "lambda_execution_policy",
      "provider": "provider[\"registry.terraform.io/hashicorp/aws\"]",
      "instances": [
        {
          "schema_version": 0,
          "attributes": {
            "arn": "arn:aws:iam::427875724091:policy/LambdaExecutionPolicy",
            "description": "",
            "id": "arn:aws:iam::427875724091:policy/LambdaExecutionPolicy",
            "name": "LambdaExecutionPolicy",
            "name_prefix": "",
            "path": "/",
            "policy": "{\"Statement\":[{\"Action\":[\"logs:CreateLogGroup\",\"logs:CreateLogStream\",\"logs:PutLogEvents\"],\"Effect\":\"Allow\",\"Resource\":\"*\"},{\"Action\":\"dynamodb:*\",\"Effect\":\"Allow\",\"Resource\":\"*\"}],\"Version\":\"2012-10-17\"}",
            "policy_id": "ANPAWHH3BNM5SM4EGDUAA",
            "tags": {},
            "tags_all": {}
          },
          "sensitive_attributes": [],
          "private": "bnVsbA=="
        }
      ]
    },
    {
      "mode": "managed",
      "type": "aws_iam_role",
      "name": "lambda_execution_role",
      "provider": "provider[\"registry.terraform.io/hashicorp/aws\"]",
      "instances": [
        {
          "schema_version": 0,
          "attributes": {
            "arn": "arn:aws:iam::427875724091:role/LambdaExecutionRole",
            "assume_role_policy": "{\"Statement\":[{\"Action\":\"sts:AssumeRole\",\"Effect\":\"Allow\",\"Principal\":{\"Service\":\"lambda.amazonaws.com\"}}],\"Version\":\"2012-10-17\"}",
            "create_date": "2024-02-05T17:38:06Z",
            "description": "",
            "force_detach_policies": false,
            "id": "LambdaExecutionRole",
            "inline_policy": [],
            "managed_policy_arns": [
              "arn:aws:iam::427875724091:policy/LambdaExecutionPolicy"
            ],
            "max_session_duration": 3600,
            "name": "LambdaExecutionRole",
            "name_prefix": "",
            "path": "/",
            "permissions_boundary": "",
            "tags": {},
            "tags_all": {},
            "unique_id": "AROAWHH3BNM5ZDXGLJEQE"
          },
          "sensitive_attributes": [],
          "private": "bnVsbA==",
          "create_before_destroy": true
        }
      ]
    },
    {
      "mode": "managed",
      "type": "aws_iam_role_policy_attachment",
      "name": "lambda_execution_attachment",
      "provider": "provider[\"registry.terraform.io/hashicorp/aws\"]",
      "instances": [
        {
          "schema_version": 0,
          "attributes": {
            "id": "LambdaExecutionRole-20240205173807634100000001",
            "policy_arn": "arn:aws:iam::427875724091:policy/LambdaExecutionPolicy",
            "role": "LambdaExecutionRole"
          },
          "sensitive_attributes": [],
          "private": "bnVsbA==",
          "dependencies": [
            "aws_iam_policy.lambda_execution_policy",
            "aws_iam_role.lambda_execution_role"
          ]
        }
      ]
    },
    {
      "mode": "managed",
      "type": "aws_lambda_function",
      "name": "resume_lambda",
      "provider": "provider[\"registry.terraform.io/hashicorp/aws\"]",
      "instances": [
        {
          "schema_version": 0,
          "attributes": {
            "architectures": [
              "x86_64"
            ],
            "arn": "arn:aws:lambda:us-east-1:427875724091:function:resume-visitor-counter-function",
            "code_signing_config_arn": "",
            "dead_letter_config": [],
            "description": "",
            "environment": [],
            "ephemeral_storage": [
              {
                "size": 512
              }
            ],
            "file_system_config": [],
            "filename": "../../backend/lambda_code/index.py",
            "function_name": "resume-visitor-counter-function",
            "handler": "index.lambda_handler",
            "id": "resume-visitor-counter-function",
            "image_config": [],
            "image_uri": "",
            "invoke_arn": "arn:aws:apigateway:us-east-1:lambda:path/2015-03-31/functions/arn:aws:lambda:us-east-1:427875724091:function:resume-visitor-counter-function/invocations",
            "kms_key_arn": "",
            "last_modified": "2024-02-05T19:20:50.000+0000",
            "layers": [],
            "logging_config": [
              {
                "application_log_level": "",
                "log_format": "Text",
                "log_group": "/aws/lambda/resume-visitor-counter-function",
                "system_log_level": ""
              }
            ],
            "memory_size": 128,
            "package_type": "Zip",
            "publish": false,
            "qualified_arn": "arn:aws:lambda:us-east-1:427875724091:function:resume-visitor-counter-function:$LATEST",
            "qualified_invoke_arn": "arn:aws:apigateway:us-east-1:lambda:path/2015-03-31/functions/arn:aws:lambda:us-east-1:427875724091:function:resume-visitor-counter-function:$LATEST/invocations",
            "replace_security_groups_on_destroy": null,
            "replacement_security_group_ids": null,
            "reserved_concurrent_executions": -1,
            "role": "arn:aws:iam::427875724091:role/LambdaExecutionRole",
            "runtime": "python3.9",
            "s3_bucket": null,
            "s3_key": null,
            "s3_object_version": null,
            "signing_job_arn": "",
            "signing_profile_version_arn": "",
            "skip_destroy": false,
            "snap_start": [],
            "source_code_hash": "V/ZTn429IXeksdUAoNN0qdbRR2avBlCJNCV/Uu/cDmM=",
            "source_code_size": 763,
            "tags": {},
            "tags_all": {},
            "timeout": 3,
            "timeouts": null,
            "tracing_config": [
              {
                "mode": "PassThrough"
              }
            ],
            "version": "$LATEST",
            "vpc_config": []
          },
          "sensitive_attributes": [],
          "private": "eyJlMmJmYjczMC1lY2FhLTExZTYtOGY4OC0zNDM2M2JjN2M0YzAiOnsiY3JlYXRlIjo2MDAwMDAwMDAwMDAsImRlbGV0ZSI6NjAwMDAwMDAwMDAwLCJ1cGRhdGUiOjYwMDAwMDAwMDAwMH19",
          "dependencies": [
            "aws_dynamodb_table.resume_table",
            "aws_iam_role.lambda_execution_role"
          ]
        }
      ]
    },
    {
      "mode": "managed",
      "type": "aws_lambda_permission",
      "name": "lambda",
      "provider": "provider[\"registry.terraform.io/hashicorp/aws\"]",
      "instances": [
        {
          "schema_version": 0,
          "attributes": {
            "action": "lambda:InvokeFunction",
            "event_source_token": null,
            "function_name": "resume-visitor-counter-function",
            "function_url_auth_type": null,
            "id": "AllowExecutionFromAPIGateway",
            "principal": "apigateway.amazonaws.com",
            "principal_org_id": null,
            "qualifier": "",
            "source_account": null,
            "source_arn": "arn:aws:execute-api:us-east-1:427875724091:40jhq3k8u6/*/*",
            "statement_id": "AllowExecutionFromAPIGateway",
            "statement_id_prefix": ""
          },
          "sensitive_attributes": [],
          "private": "bnVsbA==",
          "dependencies": [
            "aws_api_gateway_rest_api.resume_aws_api",
            "aws_dynamodb_table.resume_table",
            "aws_iam_role.lambda_execution_role",
            "aws_lambda_function.resume_lambda"
          ]
        }
      ]
    }
  ],
  "check_results": null
}
